{
  "name": "dog-profile",
  "requires": true,
  "lockfileVersion": 1,
  "dependencies": {
    "classnames": {
      "version": "2.2.6",
      "resolved": "https://registry.npmjs.org/classnames/-/classnames-2.2.6.tgz",
      "integrity": "sha512-JR/iSQOSt+LQIWwrwEzJ9uk0xfN3mTVYMwt1Ir5mUcSN6pU+V4zQFFaJsclJbPuAUQH+yfWef6tm7l1quW3C8Q=="
    },
    "material-design-icons": {
      "version": "2.2.3",
      "resolved": "https://registry.npmjs.org/material-design-icons/-/material-design-icons-2.2.3.tgz",
      "integrity": "sha1-toFzZKeAOwUJqAAjBbf+IBsP2p8="
    },
    "material-design-lite": {
      "version": "1.0.0-3",
      "resolved": "https://registry.npmjs.org/material-design-lite/-/material-design-lite-1.0.0-3.tgz",
      "integrity": "sha1-gps3mYvlKR4mD8HfAwYGEEWQntg="
    },
    "react-material-design-lite": {
      "version": "0.6.0",
      "resolved": "https://registry.npmjs.org/react-material-design-lite/-/react-material-design-lite-0.6.0.tgz",
      "integrity": "sha1-x51am/CA2yEFblC6xJNfJkhwLQI=",
      "requires": {
        "classnames": "2.2.6",
        "material-design-icons": "2.2.3",
        "material-design-lite": "1.0.0-3"
      }
    }
  }
}
