# THIS IS AN AUTOGENERATED FILE. DO NOT EDIT THIS FILE DIRECTLY.
# yarn lockfile v1


classnames@^2.1.3:
  version "2.2.6"
  resolved "https://registry.yarnpkg.com/classnames/-/classnames-2.2.6.tgz#43935bffdd291f326dad0a205309b38d00f650ce"
  integrity sha512-JR/iSQOSt+LQIWwrwEzJ9uk0xfN3mTVYMwt1Ir5mUcSN6pU+V4zQFFaJsclJbPuAUQH+yfWef6tm7l1quW3C8Q==

material-design-icons@^2.1.1:
  version "2.2.3"
  resolved "https://registry.yarnpkg.com/material-design-icons/-/material-design-icons-2.2.3.tgz#b6817364a7803b0509a8002305b7fe201b0fda9f"
  integrity sha1-toFzZKeAOwUJqAAjBbf+IBsP2p8=

material-design-lite@1.0.0-3:
  version "1.0.0-3"
  resolved "https://registry.yarnpkg.com/material-design-lite/-/material-design-lite-1.0.0-3.tgz#829b37998be5291e260fc1df0306061045909ed8"
  integrity sha1-gps3mYvlKR4mD8HfAwYGEEWQntg=

react-material-design-lite@^0.6.0:
  version "0.6.0"
  resolved "https://registry.yarnpkg.com/react-material-design-lite/-/react-material-design-lite-0.6.0.tgz#c79d5a9bf080db21056e50bac4935f2648702d02"
  integrity sha1-x51am/CA2yEFblC6xJNfJkhwLQI=
  dependencies:
    classnames "^2.1.3"
    material-design-icons "^2.1.1"
    material-design-lite "1.0.0-3"
